// !$*UTF8*$!
{
	archiveVersion = 1;
	classes = {
	};
	objectVersion = 56;
	objects = {

/* Begin PBXBuildFile section */
		B86D30842948CAD50088F31F /* _2_ButtonApp.swift in Sources */ = {isa = PBXBuildFile; fileRef = B86D30832948CAD50088F31F /* _2_ButtonApp.swift */; };
		B86D30862948CAD50088F31F /* ContentView.swift in Sources */ = {isa = PBXBuildFile; fileRef = B86D30852948CAD50088F31F /* ContentView.swift */; };
		B86D30882948CAD60088F31F /* Assets.xcassets in Resources */ = {isa = PBXBuildFile; fileRef = B86D30872948CAD60088F31F /* Assets.xcassets */; };
		B86D308B2948CAD60088F31F /* Preview Assets.xcassets in Resources */ = {isa = PBXBuildFile; fileRef = B86D308A2948CAD60088F31F /* Preview Assets.xcassets */; };
		B86D30952948CAD60088F31F /* _2_ButtonTests.swift in Sources */ = {isa = PBXBuildFile; fileRef = B86D30942948CAD60088F31F /* _2_ButtonTests.swift */; };
		B86D309F2948CAD60088F31F /* _2_ButtonUITests.swift in Sources */ = {isa = PBXBuildFile; fileRef = B86D309E2948CAD60088F31F /* _2_ButtonUITests.swift */; };
		B86D30A12948CAD60088F31F /* _2_ButtonUITestsLaunchTests.swift in Sources */ = {isa = PBXBuildFile; fileRef = B86D30A02948CAD60088F31F /* _2_ButtonUITestsLaunchTests.swift */; };
/* End PBXBuildFile section */

/* Begin PBXContainerItemProxy section */
		B86D30912948CAD60088F31F /* PBXContainerItemProxy */ = {
			isa = PBXContainerItemProxy;
			containerPortal = B86D30782948CAD50088F31F /* Project object */;
			proxyType = 1;
			remoteGlobalIDString = B86D307F2948CAD50088F31F;
			remoteInfo = "02-Button";
		};
		B86D309B2948CAD60088F31F /* PBXContainerItemProxy */ = {
			isa = PBXContainerItemProxy;
			containerPortal = B86D30782948CAD50088F31F /* Project object */;
			proxyType = 1;
			remoteGlobalIDString = B86D307F2948CAD50088F31F;
			remoteInfo = "02-Button";
		};
/* End PBXContainerItemProxy section */

/* Begin PBXFileReference section */
		B86D30802948CAD50088F31F /* 02-Button.app */ = {isa = PBXFileReference; explicitFileType = wrapper.application; includeInIndex = 0; path = "02-Button.app"; sourceTree = BUILT_PRODUCTS_DIR; };
		B86D30832948CAD50088F31F /* _2_ButtonApp.swift */ = {isa = PBXFileReference; lastKnownFileType = sourcecode.swift; path = _2_ButtonApp.swift; sourceTree = "<group>"; };
		B86D30852948CAD50088F31F /* ContentView.swift */ = {isa = PBXFileReference; lastKnownFileType = sourcecode.swift; path = ContentView.swift; sourceTree = "<group>"; };
		B86D30872948CAD60088F31F /* Assets.xcassets */ = {isa = PBXFileReference; lastKnownFileType = folder.assetcatalog; path = Assets.xcassets; sourceTree = "<group>"; };
		B86D308A2948CAD60088F31F /* Preview Assets.xcassets */ = {isa = PBXFileReference; lastKnownFileType = folder.assetcatalog; path = "Preview Assets.xcassets"; sourceTree = "<group>"; };
		B86D30902948CAD60088F31F /* 02-ButtonTests.xctest */ = {isa = PBXFileReference; explicitFileType = wrapper.cfbundle; includeInIndex = 0; path = "02-ButtonTests.xctest"; sourceTree = BUILT_PRODUCTS_DIR; };
		B86D30942948CAD60088F31F /* _2_ButtonTests.swift */ = {isa = PBXFileReference; lastKnownFileType = sourcecode.swift; path = _2_ButtonTests.swift; sourceTree = "<group>"; };
		B86D309A2948CAD60088F31F /* 02-ButtonUITests.xctest */ = {isa = PBXFileReference; explicitFileType = wrapper.cfbundle; includeInIndex = 0; path = "02-ButtonUITests.xctest"; sourceTree = BUILT_PRODUCTS_DIR; };
		B86D309E2948CAD60088F31F /* _2_ButtonUITests.swift */ = {isa = PBXFileReference; lastKnownFileType = sourcecode.swift; path = _2_ButtonUITests.swift; sourceTree = "<group>"; };
		B86D30A02948CAD60088F31F /* _2_ButtonUITestsLaunchTests.swift */ = {isa = PBXFileReference; lastKnownFileType = sourcecode.swift; path = _2_ButtonUITestsLaunchTests.swift; sourceTree = "<group>"; };
/* End PBXFileReference section */

/* Begin PBXFrameworksBuildPhase section */
		B86D307D2948CAD50088F31F /* Frameworks */ = {
			isa = PBXFrameworksBuildPhase;
			buildActionMask = 2147483647;
			files = (
			);
			runOnlyForDeploymentPostprocessing = 0;
		};
		B86D308D2948CAD60088F31F /* Frameworks */ = {
			isa = PBXFrameworksBuildPhase;
			buildActionMask = 2147483647;
			files = (
			);
			runOnlyForDeploymentPostprocessing = 0;
		};
		B86D30972948CAD60088F31F /* Frameworks */ = {
			isa = PBXFrameworksBuildPhase;
			buildActionMask = 2147483647;
			files = (
			);
			runOnlyForDeploymentPostprocessing = 0;
		};
/* End PBXFrameworksBuildPhase section */

/* Begin PBXGroup section */
		B86D30772948CAD50088F31F = {
			isa = PBXGroup;
			children = (
				B86D30822948CAD50088F31F /* 02-Button */,
				B86D30932948CAD60088F31F /* 02-ButtonTests */,
				B86D309D2948CAD60088F31F /* 02-ButtonUITests */,
				B86D30812948CAD50088F31F /* Products */,
			);
			sourceTree = "<group>";
		};
		B86D30812948CAD50088F31F /* Products */ = {
			isa = PBXGroup;
			children = (
				B86D30802948CAD50088F31F /* 02-Button.app */,
				B86D30902948CAD60088F31F /* 02-ButtonTests.xctest */,
				B86D309A2948CAD60088F31F /* 02-ButtonUITests.xctest */,
			);
			name = Products;
			sourceTree = "<group>";
		};
		B86D30822948CAD50088F31F /* 02-Button */ = {
			isa = PBXGroup;
			children = (
				B86D30832948CAD50088F31F /* _2_ButtonApp.swift */,
				B86D30852948CAD50088F31F /* ContentView.swift */,
				B86D30872948CAD60088F31F /* Assets.xcassets */,
				B86D30892948CAD60088F31F /* Preview Content */,
			);
			path = "02-Button";
			sourceTree = "<group>";
		};
		B86D30892948CAD60088F31F /* Preview Content */ = {
			isa = PBXGroup;
			children = (
				B86D308A2948CAD60088F31F /* Preview Assets.xcassets */,
			);
			path = "Preview Content";
			sourceTree = "<group>";
		};
		B86D30932948CAD60088F31F /* 02-ButtonTests */ = {
			isa = PBXGroup;
			children = (
				B86D30942948CAD60088F31F /* _2_ButtonTests.swift */,
			);
			path = "02-ButtonTests";
			sourceTree = "<group>";
		};
		B86D309D2948CAD60088F31F /* 02-ButtonUITests */ = {
			isa = PBXGroup;
			children = (
				B86D309E2948CAD60088F31F /* _2_ButtonUITests.swift */,
				B86D30A02948CAD60088F31F /* _2_ButtonUITestsLaunchTests.swift */,
			);
			path = "02-ButtonUITests";
			sourceTree = "<group>";
		};
/* End PBXGroup section */

/* Begin PBXNativeTarget section */
		B86D307F2948CAD50088F31F /* 02-Button */ = {
			isa = PBXNativeTarget;
			buildConfigurationList = B86D30A42948CAD60088F31F /* Build configuration list for PBXNativeTarget "02-Button" */;
			buildPhases = (
				B86D307C2948CAD50088F31F /* Sources */,
				B86D307D2948CAD50088F31F /* Frameworks */,
				B86D307E2948CAD50088F31F /* Resources */,
			);
			buildRules = (
			);
			dependencies = (
			);
			name = "02-Button";
			productName = "02-Button";
			productReference = B86D30802948CAD50088F31F /* 02-Button.app */;
			productType = "com.apple.product-type.application";
		};
		B86D308F2948CAD60088F31F /* 02-ButtonTests */ = {
			isa = PBXNativeTarget;
			buildConfigurationList = B86D30A72948CAD60088F31F /* Build configuration list for PBXNativeTarget "02-ButtonTests" */;
			buildPhases = (
				B86D308C2948CAD60088F31F /* Sources */,
				B86D308D2948CAD60088F31F /* Frameworks */,
				B86D308E2948CAD60088F31F /* Resources */,
			);
			buildRules = (
			);
			dependencies = (
				B86D30922948CAD60088F31F /* PBXTargetDependency */,
			);
			name = "02-ButtonTests";
			productName = "02-ButtonTests";
			productReference = B86D30902948CAD60088F31F /* 02-ButtonTests.xctest */;
			productType = "com.apple.product-type.bundle.unit-test";
		};
		B86D30992948CAD60088F31F /* 02-ButtonUITests */ = {
			isa = PBXNativeTarget;
			buildConfigurationList = B86D30AA2948CAD60088F31F /* Build configuration list for PBXNativeTarget "02-ButtonUITests" */;
			buildPhases = (
				B86D30962948CAD60088F31F /* Sources */,
				B86D30972948CAD60088F31F /* Frameworks */,
				B86D30982948CAD60088F31F /* Resources */,
			);
			buildRules = (
			);
			dependencies = (
				B86D309C2948CAD60088F31F /* PBXTargetDependency */,
			);
			name = "02-ButtonUITests";
			productName = "02-ButtonUITests";
			productReference = B86D309A2948CAD60088F31F /* 02-ButtonUITests.xctest */;
			productType = "com.apple.product-type.bundle.ui-testing";
		};
/* End PBXNativeTarget section */

/* Begin PBXProject section */
		B86D30782948CAD50088F31F /* Project object */ = {
			isa = PBXProject;
			attributes = {
				BuildIndependentTargetsInParallel = 1;
				LastSwiftUpdateCheck = 1400;
				LastUpgradeCheck = 1400;
				TargetAttributes = {
					B86D307F2948CAD50088F31F = {
						CreatedOnToolsVersion = 14.0;
					};
					B86D308F2948CAD60088F31F = {
						CreatedOnToolsVersion = 14.0;
						TestTargetID = B86D307F2948CAD50088F31F;
					};
					B86D30992948CAD60088F31F = {
						CreatedOnToolsVersion = 14.0;
						TestTargetID = B86D307F2948CAD50088F31F;
					};
				};
			};
			buildConfigurationList = B86D307B2948CAD50088F31F /* Build configuration list for PBXProject "02-Button" */;
			compatibilityVersion = "Xcode 14.0";
			developmentRegion = en;
			hasScannedForEncodings = 0;
			knownRegions = (
				en,
				Base,
			);
			mainGroup = B86D30772948CAD50088F31F;
			productRefGroup = B86D30812948CAD50088F31F /* Products */;
			projectDirPath = "";
			projectRoot = "";
			targets = (
				B86D307F2948CAD50088F31F /* 02-Button */,
				B86D308F2948CAD60088F31F /* 02-ButtonTests */,
				B86D30992948CAD60088F31F /* 02-ButtonUITests */,
			);
		};
/* End PBXProject section */

/* Begin PBXResourcesBuildPhase section */
		B86D307E2948CAD50088F31F /* Resources */ = {
			isa = PBXResourcesBuildPhase;
			buildActionMask = 2147483647;
			files = (
				B86D308B2948CAD60088F31F /* Preview Assets.xcassets in Resources */,
				B86D30882948CAD60088F31F /* Assets.xcassets in Resources */,
			);
			runOnlyForDeploymentPostprocessing = 0;
		};
		B86D308E2948CAD60088F31F /* Resources */ = {
			isa = PBXResourcesBuildPhase;
			buildActionMask = 2147483647;
			files = (
			);
			runOnlyForDeploymentPostprocessing = 0;
		};
		B86D30982948CAD60088F31F /* Resources */ = {
			isa = PBXResourcesBuildPhase;
			buildActionMask = 2147483647;
			files = (
			);
			runOnlyForDeploymentPostprocessing = 0;
		};
/* End PBXResourcesBuildPhase section */

/* Begin PBXSourcesBuildPhase section */
		B86D307C2948CAD50088F31F /* Sources */ = {
			isa = PBXSourcesBuildPhase;
			buildActionMask = 2147483647;
			files = (
				B86D30862948CAD50088F31F /* ContentView.swift in Sources */,
				B86D30842948CAD50088F31F /* _2_ButtonApp.swift in Sources */,
			);
			runOnlyForDeploymentPostprocessing = 0;
		};
		B86D308C2948CAD60088F31F /* Sources */ = {
			isa = PBXSourcesBuildPhase;
			buildActionMask = 2147483647;
			files = (
				B86D30952948CAD60088F31F /* _2_ButtonTests.swift in Sources */,
			);
			runOnlyForDeploymentPostprocessing = 0;
		};
		B86D30962948CAD60088F31F /* Sources */ = {
			isa = PBXSourcesBuildPhase;
			buildActionMask = 2147483647;
			files = (
				B86D309F2948CAD60088F31F /* _2_ButtonUITests.swift in Sources */,
				B86D30A12948CAD60088F31F /* _2_ButtonUITestsLaunchTests.swift in Sources */,
			);
			runOnlyForDeploymentPostprocessing = 0;
		};
/* End PBXSourcesBuildPhase section */

/* Begin PBXTargetDependency section */
		B86D30922948CAD60088F31F /* PBXTargetDependency */ = {
			isa = PBXTargetDependency;
			target = B86D307F2948CAD50088F31F /* 02-Button */;
			targetProxy = B86D30912948CAD60088F31F /* PBXContainerItemProxy */;
		};
		B86D309C2948CAD60088F31F /* PBXTargetDependency */ = {
			isa = PBXTargetDependency;
			target = B86D307F2948CAD50088F31F /* 02-Button */;
			targetProxy = B86D309B2948CAD60088F31F /* PBXContainerItemProxy */;
		};
/* End PBXTargetDependency section */

/* Begin XCBuildConfiguration section */
		B86D30A22948CAD60088F31F /* Debug */ = {
			isa = XCBuildConfiguration;
			buildSettings = {
				ALWAYS_SEARCH_USER_PATHS = NO;
				CLANG_ANALYZER_NONNULL = YES;
				CLANG_ANALYZER_NUMBER_OBJECT_CONVERSION = YES_AGGRESSIVE;
				CLANG_CXX_LANGUAGE_STANDARD = "gnu++20";
				CLANG_ENABLE_MODULES = YES;
				CLANG_ENABLE_OBJC_ARC = YES;
				CLANG_ENABLE_OBJC_WEAK = YES;
				CLANG_WARN_BLOCK_CAPTURE_AUTORELEASING = YES;
				CLANG_WARN_BOOL_CONVERSION = YES;
				CLANG_WARN_COMMA = YES;
				CLANG_WARN_CONSTANT_CONVERSION = YES;
				CLANG_WARN_DEPRECATED_OBJC_IMPLEMENTATIONS = YES;
				CLANG_WARN_DIRECT_OBJC_ISA_USAGE = YES_ERROR;
				CLANG_WARN_DOCUMENTATION_COMMENTS = YES;
				CLANG_WARN_EMPTY_BODY = YES;
				CLANG_WARN_ENUM_CONVERSION = YES;
				CLANG_WARN_INFINITE_RECURSION = YES;
				CLANG_WARN_INT_CONVERSION = YES;
				CLANG_WARN_NON_LITERAL_NULL_CONVERSION = YES;
				CLANG_WARN_OBJC_IMPLICIT_RETAIN_SELF = YES;
				CLANG_WARN_OBJC_LITERAL_CONVERSION = YES;
				CLANG_WARN_OBJC_ROOT_CLASS = YES_ERROR;
				CLANG_WARN_QUOTED_INCLUDE_IN_FRAMEWORK_HEADER = YES;
				CLANG_WARN_RANGE_LOOP_ANALYSIS = YES;
				CLANG_WARN_STRICT_PROTOTYPES = YES;
				CLANG_WARN_SUSPICIOUS_MOVE = YES;
				CLANG_WARN_UNGUARDED_AVAILABILITY = YES_AGGRESSIVE;
				CLANG_WARN_UNREACHABLE_CODE = YES;
				CLANG_WARN__DUPLICATE_METHOD_MATCH = YES;
				COPY_PHASE_STRIP = NO;
				DEBUG_INFORMATION_FORMAT = dwarf;
				ENABLE_STRICT_OBJC_MSGSEND = YES;
				ENABLE_TESTABILITY = YES;
				GCC_C_LANGUAGE_STANDARD = gnu11;
				GCC_DYNAMIC_NO_PIC = NO;
				GCC_NO_COMMON_BLOCKS = YES;
				GCC_OPTIMIZATION_LEVEL = 0;
				GCC_PREPROCESSOR_DEFINITIONS = (
					"DEBUG=1",
					"$(inherited)",
				);
				GCC_WARN_64_TO_32_BIT_CONVERSION = YES;
				GCC_WARN_ABOUT_RETURN_TYPE = YES_ERROR;
				GCC_WARN_UNDECLARED_SELECTOR = YES;
				GCC_WARN_UNINITIALIZED_AUTOS = YES_AGGRESSIVE;
				GCC_WARN_UNUSED_FUNCTION = YES;
				GCC_WARN_UNUSED_VARIABLE = YES;
				IPHONEOS_DEPLOYMENT_TARGET = 16.0;
				MTL_ENABLE_DEBUG_INFO = INCLUDE_SOURCE;
				MTL_FAST_MATH = YES;
				ONLY_ACTIVE_ARCH = YES;
				SDKROOT = iphoneos;
				SWIFT_ACTIVE_COMPILATION_CONDITIONS = DEBUG;
				SWIFT_OPTIMIZATION_LEVEL = "-Onone";
			};
			name = Debug;
		};
		B86D30A32948CAD60088F31F /* Release */ = {
			isa = XCBuildConfiguration;
			buildSettings = {
				ALWAYS_SEARCH_USER_PATHS = NO;
				CLANG_ANALYZER_NONNULL = YES;
				CLANG_ANALYZER_NUMBER_OBJECT_CONVERSION = YES_AGGRESSIVE;
				CLANG_CXX_LANGUAGE_STANDARD = "gnu++20";
				CLANG_ENABLE_MODULES = YES;
				CLANG_ENABLE_OBJC_ARC = YES;
				CLANG_ENABLE_OBJC_WEAK = YES;
				CLANG_WARN_BLOCK_CAPTURE_AUTORELEASING = YES;
				CLANG_WARN_BOOL_CONVERSION = YES;
				CLANG_WARN_COMMA = YES;
				CLANG_WARN_CONSTANT_CONVERSION = YES;
				CLANG_WARN_DEPRECATED_OBJC_IMPLEMENTATIONS = YES;
				CLANG_WARN_DIRECT_OBJC_ISA_USAGE = YES_ERROR;
				CLANG_WARN_DOCUMENTATION_COMMENTS = YES;
				CLANG_WARN_EMPTY_BODY = YES;
				CLANG_WARN_ENUM_CONVERSION = YES;
				CLANG_WARN_INFINITE_RECURSION = YES;
				CLANG_WARN_INT_CONVERSION = YES;
				CLANG_WARN_NON_LITERAL_NULL_CONVERSION = YES;
				CLANG_WARN_OBJC_IMPLICIT_RETAIN_SELF = YES;
				CLANG_WARN_OBJC_LITERAL_CONVERSION = YES;
				CLANG_WARN_OBJC_ROOT_CLASS = YES_ERROR;
				CLANG_WARN_QUOTED_INCLUDE_IN_FRAMEWORK_HEADER = YES;
				CLANG_WARN_RANGE_LOOP_ANALYSIS = YES;
				CLANG_WARN_STRICT_PROTOTYPES = YES;
				CLANG_WARN_SUSPICIOUS_MOVE = YES;
				CLANG_WARN_UNGUARDED_AVAILABILITY = YES_AGGRESSIVE;
				CLANG_WARN_UNREACHABLE_CODE = YES;
				CLANG_WARN__DUPLICATE_METHOD_MATCH = YES;
				COPY_PHASE_STRIP = NO;
				DEBUG_INFORMATION_FORMAT = "dwarf-with-dsym";
				ENABLE_NS_ASSERTIONS = NO;
				ENABLE_STRICT_OBJC_MSGSEND = YES;
				GCC_C_LANGUAGE_STANDARD = gnu11;
				GCC_NO_COMMON_BLOCKS = YES;
				GCC_WARN_64_TO_32_BIT_CONVERSION = YES;
				GCC_WARN_ABOUT_RETURN_TYPE = YES_ERROR;
				GCC_WARN_UNDECLARED_SELECTOR = YES;
				GCC_WARN_UNINITIALIZED_AUTOS = YES_AGGRESSIVE;
				GCC_WARN_UNUSED_FUNCTION = YES;
				GCC_WARN_UNUSED_VARIABLE = YES;
				IPHONEOS_DEPLOYMENT_TARGET = 16.0;
				MTL_ENABLE_DEBUG_INFO = NO;
				MTL_FAST_MATH = YES;
				SDKROOT = iphoneos;
				SWIFT_COMPILATION_MODE = wholemodule;
				SWIFT_OPTIMIZATION_LEVEL = "-O";
				VALIDATE_PRODUCT = YES;
			};
			name = Release;
		};
		B86D30A52948CAD60088F31F /* Debug */ = {
			isa = XCBuildConfiguration;
			buildSettings = {
				ASSETCATALOG_COMPILER_APPICON_NAME = AppIcon;
				ASSETCATALOG_COMPILER_GLOBAL_ACCENT_COLOR_NAME = AccentColor;
				CODE_SIGN_STYLE = Automatic;
				CURRENT_PROJECT_VERSION = 1;
				DEVELOPMENT_ASSET_PATHS = "\"02-Button/Preview Content\"";
				DEVELOPMENT_TEAM = M8CFKM9P5V;
				ENABLE_PREVIEWS = YES;
				GENERATE_INFOPLIST_FILE = YES;
				INFOPLIST_KEY_UIApplicationSceneManifest_Generation = YES;
				INFOPLIST_KEY_UIApplicationSupportsIndirectInputEvents = YES;
				INFOPLIST_KEY_UILaunchScreen_Generation = YES;
				INFOPLIST_KEY_UISupportedInterfaceOrientations_iPad = "UIInterfaceOrientationPortrait UIInterfaceOrientationPortraitUpsideDown UIInterfaceOrientationLandscapeLeft UIInterfaceOrientationLandscapeRight";
				INFOPLIST_KEY_UISupportedInterfaceOrientations_iPhone = "UIInterfaceOrientationPortrait UIInterfaceOrientationLandscapeLeft UIInterfaceOrientationLandscapeRight";
				IPHONEOS_DEPLOYMENT_TARGET = 15.0;
				LD_RUNPATH_SEARCH_PATHS = (
					"$(inherited)",
					"@executable_path/Frameworks",
				);
				MARKETING_VERSION = 1.0;
				PRODUCT_BUNDLE_IDENTIFIER = "voq.no.-2-Button";
				PRODUCT_NAME = "$(TARGET_NAME)";
				SWIFT_EMIT_LOC_STRINGS = YES;
				SWIFT_VERSION = 5.0;
				TARGETED_DEVICE_FAMILY = "1,2";
			};
			name = Debug;
		};
		B86D30A62948CAD60088F31F /* Release */ = {
			isa = XCBuildConfiguration;
			buildSettings = {
				ASSETCATALOG_COMPILER_APPICON_NAME = AppIcon;
				ASSETCATALOG_COMPILER_GLOBAL_ACCENT_COLOR_NAME = AccentColor;
				CODE_SIGN_STYLE = Automatic;
				CURRENT_PROJECT_VERSION = 1;
				DEVELOPMENT_ASSET_PATHS = "\"02-Button/Preview Content\"";
				DEVELOPMENT_TEAM = M8CFKM9P5V;
				ENABLE_PREVIEWS = YES;
				GENERATE_INFOPLIST_FILE = YES;
				INFOPLIST_KEY_UIApplicationSceneManifest_Generation = YES;
				INFOPLIST_KEY_UIApplicationSupportsIndirectInputEvents = YES;
				INFOPLIST_KEY_UILaunchScreen_Generation = YES;
				INFOPLIST_KEY_UISupportedInterfaceOrientations_iPad = "UIInterfaceOrientationPortrait UIInterfaceOrientationPortraitUpsideDown UIInterfaceOrientationLandscapeLeft UIInterfaceOrientationLandscapeRight";
				INFOPLIST_KEY_UISupportedInterfaceOrientations_iPhone = "UIInterfaceOrientationPortrait UIInterfaceOrientationLandscapeLeft UIInterfaceOrientationLandscapeRight";
				IPHONEOS_DEPLOYMENT_TARGET = 15.0;
				LD_RUNPATH_SEARCH_PATHS = (
					"$(inherited)",
					"@executable_path/Frameworks",
				);
				MARKETING_VERSION = 1.0;
				PRODUCT_BUNDLE_IDENTIFIER = "voq.no.-2-Button";
				PRODUCT_NAME = "$(TARGET_NAME)";
				SWIFT_EMIT_LOC_STRINGS = YES;
				SWIFT_VERSION = 5.0;
				TARGETED_DEVICE_FAMILY = "1,2";
			};
			name = Release;
		};
		B86D30A82948CAD60088F31F /* Debug */ = {
			isa = XCBuildConfiguration;
			buildSettings = {
				ALWAYS_EMBED_SWIFT_STANDARD_LIBRARIES = YES;
				BUNDLE_LOADER = "$(TEST_HOST)";
				CODE_SIGN_STYLE = Automatic;
				CURRENT_PROJECT_VERSION = 1;
				DEVELOPMENT_TEAM = M8CFKM9P5V;
				GENERATE_INFOPLIST_FILE = YES;
				IPHONEOS_DEPLOYMENT_TARGET = 16.0;
				MARKETING_VERSION = 1.0;
				PRODUCT_BUNDLE_IDENTIFIER = "voq.no.-2-ButtonTests";
				PRODUCT_NAME = "$(TARGET_NAME)";
				SWIFT_EMIT_LOC_STRINGS = NO;
				SWIFT_VERSION = 5.0;
				TARGETED_DEVICE_FAMILY = "1,2";
				TEST_HOST = "$(BUILT_PRODUCTS_DIR)/02-Button.app/$(BUNDLE_EXECUTABLE_FOLDER_PATH)/02-Button";
			};
			name = Debug;
		};
		B86D30A92948CAD60088F31F /* Release */ = {
			isa = XCBuildConfiguration;
			buildSettings = {
				ALWAYS_EMBED_SWIFT_STANDARD_LIBRARIES = YES;
				BUNDLE_LOADER = "$(TEST_HOST)";
				CODE_SIGN_STYLE = Automatic;
				CURRENT_PROJECT_VERSION = 1;
				DEVELOPMENT_TEAM = M8CFKM9P5V;
				GENERATE_INFOPLIST_FILE = YES;
				IPHONEOS_DEPLOYMENT_TARGET = 16.0;
				MARKETING_VERSION = 1.0;
				PRODUCT_BUNDLE_IDENTIFIER = "voq.no.-2-ButtonTests";
				PRODUCT_NAME = "$(TARGET_NAME)";
				SWIFT_EMIT_LOC_STRINGS = NO;
				SWIFT_VERSION = 5.0;
				TARGETED_DEVICE_FAMILY = "1,2";
				TEST_HOST = "$(BUILT_PRODUCTS_DIR)/02-Button.app/$(BUNDLE_EXECUTABLE_FOLDER_PATH)/02-Button";
			};
			name = Release;
		};
		B86D30AB2948CAD60088F31F /* Debug */ = {
			isa = XCBuildConfiguration;
			buildSettings = {
				ALWAYS_EMBED_SWIFT_STANDARD_LIBRARIES = YES;
				CODE_SIGN_STYLE = Automatic;
				CURRENT_PROJECT_VERSION = 1;
				DEVELOPMENT_TEAM = M8CFKM9P5V;
				GENERATE_INFOPLIST_FILE = YES;
				MARKETING_VERSION = 1.0;
				PRODUCT_BUNDLE_IDENTIFIER = "voq.no.-2-ButtonUITests";
				PRODUCT_NAME = "$(TARGET_NAME)";
				SWIFT_EMIT_LOC_STRINGS = NO;
				SWIFT_VERSION = 5.0;
				TARGETED_DEVICE_FAMILY = "1,2";
				TEST_TARGET_NAME = "02-Button";
			};
			name = Debug;
		};
		B86D30AC2948CAD60088F31F /* Release */ = {
			isa = XCBuildConfiguration;
			buildSettings = {
				ALWAYS_EMBED_SWIFT_STANDARD_LIBRARIES = YES;
				CODE_SIGN_STYLE = Automatic;
				CURRENT_PROJECT_VERSION = 1;
				DEVELOPMENT_TEAM = M8CFKM9P5V;
				GENERATE_INFOPLIST_FILE = YES;
				MARKETING_VERSION = 1.0;
				PRODUCT_BUNDLE_IDENTIFIER = "voq.no.-2-ButtonUITests";
				PRODUCT_NAME = "$(TARGET_NAME)";
				SWIFT_EMIT_LOC_STRINGS = NO;
				SWIFT_VERSION = 5.0;
				TARGETED_DEVICE_FAMILY = "1,2";
				TEST_TARGET_NAME = "02-Button";
			};
			name = Release;
		};
/* End XCBuildConfiguration section */

/* Begin XCConfigurationList section */
		B86D307B2948CAD50088F31F /* Build configuration list for PBXProject "02-Button" */ = {
			isa = XCConfigurationList;
			buildConfigurations = (
				B86D30A22948CAD60088F31F /* Debug */,
				B86D30A32948CAD60088F31F /* Release */,
			);
			defaultConfigurationIsVisible = 0;
			defaultConfigurationName = Release;
		};
		B86D30A42948CAD60088F31F /* Build configuration list for PBXNativeTarget "02-Button" */ = {
			isa = XCConfigurationList;
			buildConfigurations = (
				B86D30A52948CAD60088F31F /* Debug */,
				B86D30A62948CAD60088F31F /* Release */,
			);
			defaultConfigurationIsVisible = 0;
			defaultConfigurationName = Release;
		};
		B86D30A72948CAD60088F31F /* Build configuration list for PBXNativeTarget "02-ButtonTests" */ = {
			isa = XCConfigurationList;
			buildConfigurations = (
				B86D30A82948CAD60088F31F /* Debug */,
				B86D30A92948CAD60088F31F /* Release */,
			);
			defaultConfigurationIsVisible = 0;
			defaultConfigurationName = Release;
		};
		B86D30AA2948CAD60088F31F /* Build configuration list for PBXNativeTarget "02-ButtonUITests" */ = {
			isa = XCConfigurationList;
			buildConfigurations = (
				B86D30AB2948CAD60088F31F /* Debug */,
				B86D30AC2948CAD60088F31F /* Release */,
			);
			defaultConfigurationIsVisible = 0;
			defaultConfigurationName = Release;
		};
/* End XCConfigurationList section */
	};
	rootObject = B86D30782948CAD50088F31F /* Project object */;
}
